
Microsoft Visual Studio Solution File, Format Version 12.00
# Visual Studio Version 17
VisualStudioVersion = 17.11.35222.181
MinimumVisualStudioVersion = 10.0.40219.1
Project("{9A19103F-16F7-4668-BE54-9A1E7A4F7556}") = "Blog.web", "Blog.web\Blog.web.csproj", "{848641A3-A244-4061-90F3-AFED00DED768}"
EndProject
Project("{9A19103F-16F7-4668-BE54-9A1E7A4F7556}") = "Blog.DataLayer", "Blog.DataLayer\Blog.DataLayer.csproj", "{49E9B3FE-8B06-4396-8E20-1323C94049B7}"
EndProject
Project("{9A19103F-16F7-4668-BE54-9A1E7A4F7556}") = "Blog.CoreLayer", "Blog.CoreLayer\Blog.CoreLayer.csproj", "{697B9778-B025-4358-A771-457CEC2ABC05}"
EndProject
Global
	GlobalSection(SolutionConfigurationPlatforms) = preSolution
		Debug|Any CPU = Debug|Any CPU
		Release|Any CPU = Release|Any CPU
	EndGlobalSection
	GlobalSection(ProjectConfigurationPlatforms) = postSolution
		{848641A3-A244-4061-90F3-AFED00DED768}.Debug|Any CPU.ActiveCfg = Debug|Any CPU
		{848641A3-A244-4061-90F3-AFED00DED768}.Debug|Any CPU.Build.0 = Debug|Any CPU
		{848641A3-A244-4061-90F3-AFED00DED768}.Release|Any CPU.ActiveCfg = Release|Any CPU
		{848641A3-A244-4061-90F3-AFED00DED768}.Release|Any CPU.Build.0 = Release|Any CPU
		{49E9B3FE-8B06-4396-8E20-1323C94049B7}.Debug|Any CPU.ActiveCfg = Debug|Any CPU
		{49E9B3FE-8B06-4396-8E20-1323C94049B7}.Debug|Any CPU.Build.0 = Debug|Any CPU
		{49E9B3FE-8B06-4396-8E20-1323C94049B7}.Release|Any CPU.ActiveCfg = Release|Any CPU
		{49E9B3FE-8B06-4396-8E20-1323C94049B7}.Release|Any CPU.Build.0 = Release|Any CPU
		{697B9778-B025-4358-A771-457CEC2ABC05}.Debug|Any CPU.ActiveCfg = Debug|Any CPU
		{697B9778-B025-4358-A771-457CEC2ABC05}.Debug|Any CPU.Build.0 = Debug|Any CPU
		{697B9778-B025-4358-A771-457CEC2ABC05}.Release|Any CPU.ActiveCfg = Release|Any CPU
		{697B9778-B025-4358-A771-457CEC2ABC05}.Release|Any CPU.Build.0 = Release|Any CPU
	EndGlobalSection
	GlobalSection(SolutionProperties) = preSolution
		HideSolutionNode = FALSE
	EndGlobalSection
	GlobalSection(ExtensibilityGlobals) = postSolution
		SolutionGuid = {3C85150A-ABAD-4BCA-ABAE-EF928E933B3B}
	EndGlobalSection
EndGlobal
